// !$*UTF8*$!
{
	archiveVersion = 1;
	classes = {
	};
	objectVersion = 51;
	objects = {

/* Begin PBXBuildFile section */
		F9D6119726E8F0FD004DEAC2 /* AppDelegate.swift in Sources */ = {isa = PBXBuildFile; fileRef = F9D6119626E8F0FD004DEAC2 /* AppDelegate.swift */; };
		F9D6119926E8F0FD004DEAC2 /* SceneDelegate.swift in Sources */ = {isa = PBXBuildFile; fileRef = F9D6119826E8F0FD004DEAC2 /* SceneDelegate.swift */; };
		F9D6119B26E8F0FD004DEAC2 /* ContentView.swift in Sources */ = {isa = PBXBuildFile; fileRef = F9D6119A26E8F0FD004DEAC2 /* ContentView.swift */; };
		F9D6119D26E8F10B004DEAC2 /* Assets.xcassets in Resources */ = {isa = PBXBuildFile; fileRef = F9D6119C26E8F10B004DEAC2 /* Assets.xcassets */; };
		F9D611A026E8F10B004DEAC2 /* Preview Assets.xcassets in Resources */ = {isa = PBXBuildFile; fileRef = F9D6119F26E8F10B004DEAC2 /* Preview Assets.xcassets */; };
		F9D611A326E8F10B004DEAC2 /* LaunchScreen.storyboard in Resources */ = {isa = PBXBuildFile; fileRef = F9D611A126E8F10B004DEAC2 /* LaunchScreen.storyboard */; };
		FA9BEF5CAA4C84030AAB255A /* Pods_QuickBloxSwiftUIVideoChat.framework in Frameworks */ = {isa = PBXBuildFile; fileRef = B209207CEC3ADB785915B709 /* Pods_QuickBloxSwiftUIVideoChat.framework */; };
/* End PBXBuildFile section */

/* Begin PBXFileReference section */
		92C94CBFDAC5388312BF7136 /* Pods-QuickBloxSwiftUIVideoChat.release.xcconfig */ = {isa = PBXFileReference; includeInIndex = 1; lastKnownFileType = text.xcconfig; name = "Pods-QuickBloxSwiftUIVideoChat.release.xcconfig"; path = "Target Support Files/Pods-QuickBloxSwiftUIVideoChat/Pods-QuickBloxSwiftUIVideoChat.release.xcconfig"; sourceTree = "<group>"; };
		B209207CEC3ADB785915B709 /* Pods_QuickBloxSwiftUIVideoChat.framework */ = {isa = PBXFileReference; explicitFileType = wrapper.framework; includeInIndex = 0; path = Pods_QuickBloxSwiftUIVideoChat.framework; sourceTree = BUILT_PRODUCTS_DIR; };
		B41C647F0BAB49ED57954736 /* Pods-QuickBloxSwiftUIVideoChat.debug.xcconfig */ = {isa = PBXFileReference; includeInIndex = 1; lastKnownFileType = text.xcconfig; name = "Pods-QuickBloxSwiftUIVideoChat.debug.xcconfig"; path = "Target Support Files/Pods-QuickBloxSwiftUIVideoChat/Pods-QuickBloxSwiftUIVideoChat.debug.xcconfig"; sourceTree = "<group>"; };
		F9D6119326E8F0FD004DEAC2 /* QuickBloxSwiftUIVideoChat.app */ = {isa = PBXFileReference; explicitFileType = wrapper.application; includeInIndex = 0; path = QuickBloxSwiftUIVideoChat.app; sourceTree = BUILT_PRODUCTS_DIR; };
		F9D6119626E8F0FD004DEAC2 /* AppDelegate.swift */ = {isa = PBXFileReference; lastKnownFileType = sourcecode.swift; path = AppDelegate.swift; sourceTree = "<group>"; };
		F9D6119826E8F0FD004DEAC2 /* SceneDelegate.swift */ = {isa = PBXFileReference; lastKnownFileType = sourcecode.swift; path = SceneDelegate.swift; sourceTree = "<group>"; };
		F9D6119A26E8F0FD004DEAC2 /* ContentView.swift */ = {isa = PBXFileReference; lastKnownFileType = sourcecode.swift; path = ContentView.swift; sourceTree = "<group>"; };
		F9D6119C26E8F10B004DEAC2 /* Assets.xcassets */ = {isa = PBXFileReference; lastKnownFileType = folder.assetcatalog; path = Assets.xcassets; sourceTree = "<group>"; };
		F9D6119F26E8F10B004DEAC2 /* Preview Assets.xcassets */ = {isa = PBXFileReference; lastKnownFileType = folder.assetcatalog; path = "Preview Assets.xcassets"; sourceTree = "<group>"; };
		F9D611A226E8F10B004DEAC2 /* Base */ = {isa = PBXFileReference; lastKnownFileType = file.storyboard; name = Base; path = Base.lproj/LaunchScreen.storyboard; sourceTree = "<group>"; };
		F9D611A426E8F10B004DEAC2 /* Info.plist */ = {isa = PBXFileReference; lastKnownFileType = text.plist.xml; path = Info.plist; sourceTree = "<group>"; };
/* End PBXFileReference section */

/* Begin PBXFrameworksBuildPhase section */
		F9D6119026E8F0FD004DEAC2 /* Frameworks */ = {
			isa = PBXFrameworksBuildPhase;
			buildActionMask = 2147483647;
			files = (
				FA9BEF5CAA4C84030AAB255A /* Pods_QuickBloxSwiftUIVideoChat.framework in Frameworks */,
			);
			runOnlyForDeploymentPostprocessing = 0;
		};
/* End PBXFrameworksBuildPhase section */

/* Begin PBXGroup section */
		475A3C7621F5CDB12A4E626B /* Pods */ = {
			isa = PBXGroup;
			children = (
				B41C647F0BAB49ED57954736 /* Pods-QuickBloxSwiftUIVideoChat.debug.xcconfig */,
				92C94CBFDAC5388312BF7136 /* Pods-QuickBloxSwiftUIVideoChat.release.xcconfig */,
			);
			path = Pods;
			sourceTree = "<group>";
		};
		8CD049AF1A6B846C0F027B77 /* Frameworks */ = {
			isa = PBXGroup;
			children = (
				B209207CEC3ADB785915B709 /* Pods_QuickBloxSwiftUIVideoChat.framework */,
			);
			name = Frameworks;
			sourceTree = "<group>";
		};
		F9D6118A26E8F0FC004DEAC2 = {
			isa = PBXGroup;
			children = (
				F9D6119526E8F0FD004DEAC2 /* QuickBloxSwiftUIVideoChat */,
				F9D6119426E8F0FD004DEAC2 /* Products */,
				475A3C7621F5CDB12A4E626B /* Pods */,
				8CD049AF1A6B846C0F027B77 /* Frameworks */,
			);
			sourceTree = "<group>";
		};
		F9D6119426E8F0FD004DEAC2 /* Products */ = {
			isa = PBXGroup;
			children = (
				F9D6119326E8F0FD004DEAC2 /* QuickBloxSwiftUIVideoChat.app */,
			);
			name = Products;
			sourceTree = "<group>";
		};
		F9D6119526E8F0FD004DEAC2 /* QuickBloxSwiftUIVideoChat */ = {
			isa = PBXGroup;
			children = (
				F9D6119626E8F0FD004DEAC2 /* AppDelegate.swift */,
				F9D6119826E8F0FD004DEAC2 /* SceneDelegate.swift */,
				F9D6119A26E8F0FD004DEAC2 /* ContentView.swift */,
				F9D6119C26E8F10B004DEAC2 /* Assets.xcassets */,
				F9D611A126E8F10B004DEAC2 /* LaunchScreen.storyboard */,
				F9D611A426E8F10B004DEAC2 /* Info.plist */,
				F9D6119E26E8F10B004DEAC2 /* Preview Content */,
			);
			path = QuickBloxSwiftUIVideoChat;
			sourceTree = "<group>";
		};
		F9D6119E26E8F10B004DEAC2 /* Preview Content */ = {
			isa = PBXGroup;
			children = (
				F9D6119F26E8F10B004DEAC2 /* Preview Assets.xcassets */,
			);
			path = "Preview Content";
			sourceTree = "<group>";
		};
/* End PBXGroup section */

/* Begin PBXNativeTarget section */
		F9D6119226E8F0FD004DEAC2 /* QuickBloxSwiftUIVideoChat */ = {
			isa = PBXNativeTarget;
			buildConfigurationList = F9D611A726E8F10B004DEAC2 /* Build configuration list for PBXNativeTarget "QuickBloxSwiftUIVideoChat" */;
			buildPhases = (
				CBDD1A8D3ABE72C6495FE2DB /* [CP] Check Pods Manifest.lock */,
				F9D6118F26E8F0FD004DEAC2 /* Sources */,
				F9D6119026E8F0FD004DEAC2 /* Frameworks */,
				F9D6119126E8F0FD004DEAC2 /* Resources */,
				7860F546F8E2F767BEBA7B5E /* [CP] Embed Pods Frameworks */,
				F9850A4326EA0474006453FD /* ShellScript */,
			);
			buildRules = (
			);
			dependencies = (
			);
			name = QuickBloxSwiftUIVideoChat;
			productName = QuickBloxSwiftUIVideoChat;
			productReference = F9D6119326E8F0FD004DEAC2 /* QuickBloxSwiftUIVideoChat.app */;
			productType = "com.apple.product-type.application";
		};
/* End PBXNativeTarget section */

/* Begin PBXProject section */
		F9D6118B26E8F0FC004DEAC2 /* Project object */ = {
			isa = PBXProject;
			attributes = {
				LastSwiftUpdateCheck = 1250;
				LastUpgradeCheck = 1250;
				TargetAttributes = {
					F9D6119226E8F0FD004DEAC2 = {
						CreatedOnToolsVersion = 12.5;
					};
				};
			};
			buildConfigurationList = F9D6118E26E8F0FC004DEAC2 /* Build configuration list for PBXProject "QuickBloxSwiftUIVideoChat" */;
			compatibilityVersion = "Xcode 9.3";
			developmentRegion = en;
			hasScannedForEncodings = 0;
			knownRegions = (
				en,
				Base,
			);
			mainGroup = F9D6118A26E8F0FC004DEAC2;
			productRefGroup = F9D6119426E8F0FD004DEAC2 /* Products */;
			projectDirPath = "";
			projectRoot = "";
			targets = (
				F9D6119226E8F0FD004DEAC2 /* QuickBloxSwiftUIVideoChat */,
			);
		};
/* End PBXProject section */

/* Begin PBXResourcesBuildPhase section */
		F9D6119126E8F0FD004DEAC2 /* Resources */ = {
			isa = PBXResourcesBuildPhase;
			buildActionMask = 2147483647;
			files = (
				F9D611A326E8F10B004DEAC2 /* LaunchScreen.storyboard in Resources */,
				F9D611A026E8F10B004DEAC2 /* Preview Assets.xcassets in Resources */,
				F9D6119D26E8F10B004DEAC2 /* Assets.xcassets in Resources */,
			);
			runOnlyForDeploymentPostprocessing = 0;
		};
/* End PBXResourcesBuildPhase section */

/* Begin PBXShellScriptBuildPhase section */
		7860F546F8E2F767BEBA7B5E /* [CP] Embed Pods Frameworks */ = {
			isa = PBXShellScriptBuildPhase;
			buildActionMask = 2147483647;
			files = (
			);
			inputFileListPaths = (
				"${PODS_ROOT}/Target Support Files/Pods-QuickBloxSwiftUIVideoChat/Pods-QuickBloxSwiftUIVideoChat-frameworks-${CONFIGURATION}-input-files.xcfilelist",
			);
			name = "[CP] Embed Pods Frameworks";
			outputFileListPaths = (
				"${PODS_ROOT}/Target Support Files/Pods-QuickBloxSwiftUIVideoChat/Pods-QuickBloxSwiftUIVideoChat-frameworks-${CONFIGURATION}-output-files.xcfilelist",
			);
			runOnlyForDeploymentPostprocessing = 0;
			shellPath = /bin/sh;
			shellScript = "\"${PODS_ROOT}/Target Support Files/Pods-QuickBloxSwiftUIVideoChat/Pods-QuickBloxSwiftUIVideoChat-frameworks.sh\"\n";
			showEnvVarsInLog = 0;
		};
		CBDD1A8D3ABE72C6495FE2DB /* [CP] Check Pods Manifest.lock */ = {
			isa = PBXShellScriptBuildPhase;
			buildActionMask = 2147483647;
			files = (
			);
			inputFileListPaths = (
			);
			inputPaths = (
				"${PODS_PODFILE_DIR_PATH}/Podfile.lock",
				"${PODS_ROOT}/Manifest.lock",
			);
			name = "[CP] Check Pods Manifest.lock";
			outputFileListPaths = (
			);
			outputPaths = (
				"$(DERIVED_FILE_DIR)/Pods-QuickBloxSwiftUIVideoChat-checkManifestLockResult.txt",
			);
			runOnlyForDeploymentPostprocessing = 0;
			shellPath = /bin/sh;
			shellScript = "diff \"${PODS_PODFILE_DIR_PATH}/Podfile.lock\" \"${PODS_ROOT}/Manifest.lock\" > /dev/null\nif [ $? != 0 ] ; then\n    # print error to STDERR\n    echo \"error: The sandbox is not in sync with the Podfile.lock. Run 'pod install' or update your CocoaPods installation.\" >&2\n    exit 1\nfi\n# This output is used by Xcode 'outputs' to avoid re-running this script phase.\necho \"SUCCESS\" > \"${SCRIPT_OUTPUT_FILE_0}\"\n";
			showEnvVarsInLog = 0;
		};
		F9850A4326EA0474006453FD /* ShellScript */ = {
			isa = PBXShellScriptBuildPhase;
			buildActionMask = 8;
			files = (
			);
			inputFileListPaths = (
			);
			inputPaths = (
			);
			outputFileListPaths = (
			);
			outputPaths = (
			);
			runOnlyForDeploymentPostprocessing = 1;
			shellPath = /bin/sh;
			shellScript = "\"${BUILT_PRODUCTS_DIR}/${FRAMEWORKS_FOLDER_PATH}/QuickbloxWebRTC.framework/strip-framework.sh\"\n";
		};
/* End PBXShellScriptBuildPhase section */

/* Begin PBXSourcesBuildPhase section */
		F9D6118F26E8F0FD004DEAC2 /* Sources */ = {
			isa = PBXSourcesBuildPhase;
			buildActionMask = 2147483647;
			files = (
				F9D6119726E8F0FD004DEAC2 /* AppDelegate.swift in Sources */,
				F9D6119926E8F0FD004DEAC2 /* SceneDelegate.swift in Sources */,
				F9D6119B26E8F0FD004DEAC2 /* ContentView.swift in Sources */,
			);
			runOnlyForDeploymentPostprocessing = 0;
		};
/* End PBXSourcesBuildPhase section */

/* Begin PBXVariantGroup section */
		F9D611A126E8F10B004DEAC2 /* LaunchScreen.storyboard */ = {
			isa = PBXVariantGroup;
			children = (
				F9D611A226E8F10B004DEAC2 /* Base */,
			);
			name = LaunchScreen.storyboard;
			sourceTree = "<group>";
		};
/* End PBXVariantGroup section */

/* Begin XCBuildConfiguration section */
		F9D611A526E8F10B004DEAC2 /* Debug */ = {
			isa = XCBuildConfiguration;
			buildSettings = {
				ALWAYS_SEARCH_USER_PATHS = NO;
				CLANG_ANALYZER_NONNULL = YES;
				CLANG_ANALYZER_NUMBER_OBJECT_CONVERSION = YES_AGGRESSIVE;
				CLANG_CXX_LANGUAGE_STANDARD = "gnu++14";
				CLANG_CXX_LIBRARY = "libc++";
				CLANG_ENABLE_MODULES = YES;
				CLANG_ENABLE_OBJC_ARC = YES;
				CLANG_ENABLE_OBJC_WEAK = YES;
				CLANG_WARN_BLOCK_CAPTURE_AUTORELEASING = YES;
				CLANG_WARN_BOOL_CONVERSION = YES;
				CLANG_WARN_COMMA = YES;
				CLANG_WARN_CONSTANT_CONVERSION = YES;
				CLANG_WARN_DEPRECATED_OBJC_IMPLEMENTATIONS = YES;
				CLANG_WARN_DIRECT_OBJC_ISA_USAGE = YES_ERROR;
				CLANG_WARN_DOCUMENTATION_COMMENTS = YES;
				CLANG_WARN_EMPTY_BODY = YES;
				CLANG_WARN_ENUM_CONVERSION = YES;
				CLANG_WARN_INFINITE_RECURSION = YES;
				CLANG_WARN_INT_CONVERSION = YES;
				CLANG_WARN_NON_LITERAL_NULL_CONVERSION = YES;
				CLANG_WARN_OBJC_IMPLICIT_RETAIN_SELF = YES;
				CLANG_WARN_OBJC_LITERAL_CONVERSION = YES;
				CLANG_WARN_OBJC_ROOT_CLASS = YES_ERROR;
				CLANG_WARN_QUOTED_INCLUDE_IN_FRAMEWORK_HEADER = YES;
				CLANG_WARN_RANGE_LOOP_ANALYSIS = YES;
				CLANG_WARN_STRICT_PROTOTYPES = YES;
				CLANG_WARN_SUSPICIOUS_MOVE = YES;
				CLANG_WARN_UNGUARDED_AVAILABILITY = YES_AGGRESSIVE;
				CLANG_WARN_UNREACHABLE_CODE = YES;
				CLANG_WARN__DUPLICATE_METHOD_MATCH = YES;
				COPY_PHASE_STRIP = NO;
				DEBUG_INFORMATION_FORMAT = dwarf;
				ENABLE_STRICT_OBJC_MSGSEND = YES;
				ENABLE_TESTABILITY = YES;
				GCC_C_LANGUAGE_STANDARD = gnu11;
				GCC_DYNAMIC_NO_PIC = NO;
				GCC_NO_COMMON_BLOCKS = YES;
				GCC_OPTIMIZATION_LEVEL = 0;
				GCC_PREPROCESSOR_DEFINITIONS = (
					"DEBUG=1",
					"$(inherited)",
				);
				GCC_WARN_64_TO_32_BIT_CONVERSION = YES;
				GCC_WARN_ABOUT_RETURN_TYPE = YES_ERROR;
				GCC_WARN_UNDECLARED_SELECTOR = YES;
				GCC_WARN_UNINITIALIZED_AUTOS = YES_AGGRESSIVE;
				GCC_WARN_UNUSED_FUNCTION = YES;
				GCC_WARN_UNUSED_VARIABLE = YES;
				IPHONEOS_DEPLOYMENT_TARGET = 14.5;
				MTL_ENABLE_DEBUG_INFO = INCLUDE_SOURCE;
				MTL_FAST_MATH = YES;
				ONLY_ACTIVE_ARCH = YES;
				SDKROOT = iphoneos;
				SWIFT_ACTIVE_COMPILATION_CONDITIONS = DEBUG;
				SWIFT_OPTIMIZATION_LEVEL = "-Onone";
			};
			name = Debug;
		};
		F9D611A626E8F10B004DEAC2 /* Release */ = {
			isa = XCBuildConfiguration;
			buildSettings = {
				ALWAYS_SEARCH_USER_PATHS = NO;
				CLANG_ANALYZER_NONNULL = YES;
				CLANG_ANALYZER_NUMBER_OBJECT_CONVERSION = YES_AGGRESSIVE;
				CLANG_CXX_LANGUAGE_STANDARD = "gnu++14";
				CLANG_CXX_LIBRARY = "libc++";
				CLANG_ENABLE_MODULES = YES;
				CLANG_ENABLE_OBJC_ARC = YES;
				CLANG_ENABLE_OBJC_WEAK = YES;
				CLANG_WARN_BLOCK_CAPTURE_AUTORELEASING = YES;
				CLANG_WARN_BOOL_CONVERSION = YES;
				CLANG_WARN_COMMA = YES;
				CLANG_WARN_CONSTANT_CONVERSION = YES;
				CLANG_WARN_DEPRECATED_OBJC_IMPLEMENTATIONS = YES;
				CLANG_WARN_DIRECT_OBJC_ISA_USAGE = YES_ERROR;
				CLANG_WARN_DOCUMENTATION_COMMENTS = YES;
				CLANG_WARN_EMPTY_BODY = YES;
				CLANG_WARN_ENUM_CONVERSION = YES;
				CLANG_WARN_INFINITE_RECURSION = YES;
				CLANG_WARN_INT_CONVERSION = YES;
				CLANG_WARN_NON_LITERAL_NULL_CONVERSION = YES;
				CLANG_WARN_OBJC_IMPLICIT_RETAIN_SELF = YES;
				CLANG_WARN_OBJC_LITERAL_CONVERSION = YES;
				CLANG_WARN_OBJC_ROOT_CLASS = YES_ERROR;
				CLANG_WARN_QUOTED_INCLUDE_IN_FRAMEWORK_HEADER = YES;
				CLANG_WARN_RANGE_LOOP_ANALYSIS = YES;
				CLANG_WARN_STRICT_PROTOTYPES = YES;
				CLANG_WARN_SUSPICIOUS_MOVE = YES;
				CLANG_WARN_UNGUARDED_AVAILABILITY = YES_AGGRESSIVE;
				CLANG_WARN_UNREACHABLE_CODE = YES;
				CLANG_WARN__DUPLICATE_METHOD_MATCH = YES;
				COPY_PHASE_STRIP = NO;
				DEBUG_INFORMATION_FORMAT = "dwarf-with-dsym";
				ENABLE_NS_ASSERTIONS = NO;
				ENABLE_STRICT_OBJC_MSGSEND = YES;
				GCC_C_LANGUAGE_STANDARD = gnu11;
				GCC_NO_COMMON_BLOCKS = YES;
				GCC_WARN_64_TO_32_BIT_CONVERSION = YES;
				GCC_WARN_ABOUT_RETURN_TYPE = YES_ERROR;
				GCC_WARN_UNDECLARED_SELECTOR = YES;
				GCC_WARN_UNINITIALIZED_AUTOS = YES_AGGRESSIVE;
				GCC_WARN_UNUSED_FUNCTION = YES;
				GCC_WARN_UNUSED_VARIABLE = YES;
				IPHONEOS_DEPLOYMENT_TARGET = 14.5;
				MTL_ENABLE_DEBUG_INFO = NO;
				MTL_FAST_MATH = YES;
				SDKROOT = iphoneos;
				SWIFT_COMPILATION_MODE = wholemodule;
				SWIFT_OPTIMIZATION_LEVEL = "-O";
				VALIDATE_PRODUCT = YES;
			};
			name = Release;
		};
		F9D611A826E8F10B004DEAC2 /* Debug */ = {
			isa = XCBuildConfiguration;
			baseConfigurationReference = B41C647F0BAB49ED57954736 /* Pods-QuickBloxSwiftUIVideoChat.debug.xcconfig */;
			buildSettings = {
				ASSETCATALOG_COMPILER_APPICON_NAME = AppIcon;
				ASSETCATALOG_COMPILER_GLOBAL_ACCENT_COLOR_NAME = AccentColor;
				CODE_SIGN_STYLE = Automatic;
				DEVELOPMENT_ASSET_PATHS = "\"QuickBloxSwiftUIVideoChat/Preview Content\"";
				DEVELOPMENT_TEAM = L6T2S9K4GS;
				ENABLE_PREVIEWS = YES;
				INFOPLIST_FILE = QuickBloxSwiftUIVideoChat/Info.plist;
				LD_RUNPATH_SEARCH_PATHS = (
					"$(inherited)",
					"@executable_path/Frameworks",
				);
				PRODUCT_BUNDLE_IDENTIFIER = slavabily.QuickBloxSwiftUIVideoChat;
				PRODUCT_NAME = "$(TARGET_NAME)";
				SWIFT_VERSION = 5.0;
				TARGETED_DEVICE_FAMILY = "1,2";
			};
			name = Debug;
		};
		F9D611A926E8F10B004DEAC2 /* Release */ = {
			isa = XCBuildConfiguration;
			baseConfigurationReference = 92C94CBFDAC5388312BF7136 /* Pods-QuickBloxSwiftUIVideoChat.release.xcconfig */;
			buildSettings = {
				ASSETCATALOG_COMPILER_APPICON_NAME = AppIcon;
				ASSETCATALOG_COMPILER_GLOBAL_ACCENT_COLOR_NAME = AccentColor;
				CODE_SIGN_STYLE = Automatic;
				DEVELOPMENT_ASSET_PATHS = "\"QuickBloxSwiftUIVideoChat/Preview Content\"";
				DEVELOPMENT_TEAM = L6T2S9K4GS;
				ENABLE_PREVIEWS = YES;
				INFOPLIST_FILE = QuickBloxSwiftUIVideoChat/Info.plist;
				LD_RUNPATH_SEARCH_PATHS = (
					"$(inherited)",
					"@executable_path/Frameworks",
				);
				PRODUCT_BUNDLE_IDENTIFIER = slavabily.QuickBloxSwiftUIVideoChat;
				PRODUCT_NAME = "$(TARGET_NAME)";
				SWIFT_VERSION = 5.0;
				TARGETED_DEVICE_FAMILY = "1,2";
			};
			name = Release;
		};
/* End XCBuildConfiguration section */

/* Begin XCConfigurationList section */
		F9D6118E26E8F0FC004DEAC2 /* Build configuration list for PBXProject "QuickBloxSwiftUIVideoChat" */ = {
			isa = XCConfigurationList;
			buildConfigurations = (
				F9D611A526E8F10B004DEAC2 /* Debug */,
				F9D611A626E8F10B004DEAC2 /* Release */,
			);
			defaultConfigurationIsVisible = 0;
			defaultConfigurationName = Release;
		};
		F9D611A726E8F10B004DEAC2 /* Build configuration list for PBXNativeTarget "QuickBloxSwiftUIVideoChat" */ = {
			isa = XCConfigurationList;
			buildConfigurations = (
				F9D611A826E8F10B004DEAC2 /* Debug */,
				F9D611A926E8F10B004DEAC2 /* Release */,
			);
			defaultConfigurationIsVisible = 0;
			defaultConfigurationName = Release;
		};
/* End XCConfigurationList section */
	};
	rootObject = F9D6118B26E8F0FC004DEAC2 /* Project object */;
}
